
Microsoft Visual Studio Solution File, Format Version 12.00
# Visual Studio Version 16
VisualStudioVersion = 16.0.30523.141
MinimumVisualStudioVersion = 10.0.40219.1
Project("{FAE04EC0-301F-11D3-BF4B-00C04F79EFBC}") = "CAIGUIANUM_EJR15", "CAIGUIANUM_EJR15.csproj", "{295DB85F-B9C8-4D47-AD4E-7AA57AD8E123}"
EndProject
Global
	GlobalSection(SolutionConfigurationPlatforms) = preSolution
		Debug|Any CPU = Debug|Any CPU
		Release|Any CPU = Release|Any CPU
	EndGlobalSection
	GlobalSection(ProjectConfigurationPlatforms) = postSolution
		{295DB85F-B9C8-4D47-AD4E-7AA57AD8E123}.Debug|Any CPU.ActiveCfg = Debug|Any CPU
		{295DB85F-B9C8-4D47-AD4E-7AA57AD8E123}.Debug|Any CPU.Build.0 = Debug|Any CPU
		{295DB85F-B9C8-4D47-AD4E-7AA57AD8E123}.Release|Any CPU.ActiveCfg = Release|Any CPU
		{295DB85F-B9C8-4D47-AD4E-7AA57AD8E123}.Release|Any CPU.Build.0 = Release|Any CPU
	EndGlobalSection
	GlobalSection(SolutionProperties) = preSolution
		HideSolutionNode = FALSE
	EndGlobalSection
	GlobalSection(ExtensibilityGlobals) = postSolution
		SolutionGuid = {7FD90ABC-6CFA-4580-B5F4-F41DDDCA9811}
	EndGlobalSection
EndGlobal
